
Microsoft Visual Studio Solution File, Format Version 12.00
# Visual Studio Version 16
VisualStudioVersion = 16.0.31729.503
MinimumVisualStudioVersion = 10.0.40219.1
Project("{2150E333-8FDC-42A3-9474-1A3956D46DE8}") = "Services", "Services", "{FC1AE024-8015-4652-BCF7-7EFAD9C7C6FF}"
EndProject
Project("{2150E333-8FDC-42A3-9474-1A3956D46DE8}") = "Catalog", "Catalog", "{9A7BA670-D6C9-4A9D-AE1E-BEE764C41557}"
EndProject
Project("{9A19103F-16F7-4668-BE54-9A1E7A4F7556}") = "FreeCourse.Services.Catalog", "Services\Catalog\FreeCourse.Services.Catalog\FreeCourse.Services.Catalog.csproj", "{F6D472A3-C145-4E9C-A1B4-614DD6EFECCB}"
EndProject
Project("{2150E333-8FDC-42A3-9474-1A3956D46DE8}") = "Solution Items", "Solution Items", "{F17FFB29-C16E-4A2A-84BD-FF1AD3C00571}"
	ProjectSection(SolutionItems) = preProject
		Ports.txt = Ports.txt
	EndProjectSection
EndProject
Project("{2150E333-8FDC-42A3-9474-1A3956D46DE8}") = "Shared", "Shared", "{A3F92313-08D5-4F29-953C-DB4743162809}"
EndProject
Project("{9A19103F-16F7-4668-BE54-9A1E7A4F7556}") = "FreeCourse.Shared", "Shared\FreeCourse.Shared\FreeCourse.Shared.csproj", "{77C9DA69-15D8-4EBD-A819-9307C4F706F2}"
EndProject
Project("{2150E333-8FDC-42A3-9474-1A3956D46DE8}") = "IdentityServer", "IdentityServer", "{85285388-338A-4B6C-ACD3-98B0780C634D}"
EndProject
Project("{9A19103F-16F7-4668-BE54-9A1E7A4F7556}") = "FreeCourse.IdentityServer", "IdentityServer\FreeCourse.IdentityServer\FreeCourse.IdentityServer.csproj", "{4654C295-FAAC-4D97-8C19-19B69C5DA558}"
EndProject
Project("{2150E333-8FDC-42A3-9474-1A3956D46DE8}") = "PhotoStock", "PhotoStock", "{4C05A94C-886F-4A32-A6BE-006F7D9A4FAB}"
EndProject
Project("{9A19103F-16F7-4668-BE54-9A1E7A4F7556}") = "FreeCourse.Services.PhotoStock", "Services\PhotoStock\WebApplication1\FreeCourse.Services.PhotoStock.csproj", "{B4EAF158-6A71-4243-AC0D-D29B1DAEE8C2}"
EndProject
Project("{2150E333-8FDC-42A3-9474-1A3956D46DE8}") = "Basket", "Basket", "{E1CA4E49-587D-45FC-A9CE-620DC122F416}"
EndProject
Project("{9A19103F-16F7-4668-BE54-9A1E7A4F7556}") = "FreeCourse.Services.Basket", "Services\Basket\FreeCourse.Services.Basket\FreeCourse.Services.Basket.csproj", "{DED9FB97-6516-4C8A-8D2F-0927C590381A}"
EndProject
Project("{2150E333-8FDC-42A3-9474-1A3956D46DE8}") = "Discount", "Discount", "{F027BD7F-AA8A-4080-8D1B-1FF64ADB077F}"
EndProject
Project("{9A19103F-16F7-4668-BE54-9A1E7A4F7556}") = "FreeCourse.Services.Discount", "Services\Discount\FreeCourse.Services.Discount\FreeCourse.Services.Discount.csproj", "{FFB49876-8C9C-4617-AB20-5CCCB2DAE2DE}"
EndProject
Project("{2150E333-8FDC-42A3-9474-1A3956D46DE8}") = "Order", "Order", "{78FD03F7-3176-41C0-B14E-6DB20863BBFA}"
EndProject
Project("{9A19103F-16F7-4668-BE54-9A1E7A4F7556}") = "FreeCourse.Services.Order.API", "Services\Order\FreeCourse.Services.Order.API\FreeCourse.Services.Order.API.csproj", "{EEE02A51-F916-4FBC-9B38-1BF07F1815F6}"
EndProject
Project("{9A19103F-16F7-4668-BE54-9A1E7A4F7556}") = "FreeCourse.Services.Order.Application", "Services\Order\FreeCourse.Services.Order.Application\FreeCourse.Services.Order.Application.csproj", "{B1BAED97-3CE5-419C-B4B4-90C6D691A554}"
EndProject
Project("{9A19103F-16F7-4668-BE54-9A1E7A4F7556}") = "FreeCourse.Services.Order.Domain", "Services\Order\FreeCourse.Services.Order.Domain\FreeCourse.Services.Order.Domain.csproj", "{A16D7976-9260-4814-928B-D755ED8664A2}"
EndProject
Project("{9A19103F-16F7-4668-BE54-9A1E7A4F7556}") = "FreeCourse.Services.Order.Domain.Core", "Services\Order\FreeCourse.Services.Order.Domain.Core\FreeCourse.Services.Order.Domain.Core.csproj", "{F5043191-C6E2-49AF-B88F-A3434770B036}"
EndProject
Project("{9A19103F-16F7-4668-BE54-9A1E7A4F7556}") = "FreeCourse.Services.Order.Infrastructure", "Services\Order\FreeCourse.Services.Order.Domain.Infrastructure\FreeCourse.Services.Order.Infrastructure.csproj", "{79B55D6F-7157-4C4D-964D-A472009BAE77}"
EndProject
Project("{2150E333-8FDC-42A3-9474-1A3956D46DE8}") = "FakePayment", "FakePayment", "{0B014559-FBC2-4316-80AD-992BE878D276}"
EndProject
Project("{9A19103F-16F7-4668-BE54-9A1E7A4F7556}") = "FreeCourse.Services.FakePayment", "Services\Fakepayment\FreeCourse.Services.FakePayment\FreeCourse.Services.FakePayment.csproj", "{76FB5E8A-6182-4269-96C7-BEBFB38F2A56}"
EndProject
Global
	GlobalSection(SolutionConfigurationPlatforms) = preSolution
		Debug|Any CPU = Debug|Any CPU
		Release|Any CPU = Release|Any CPU
	EndGlobalSection
	GlobalSection(ProjectConfigurationPlatforms) = postSolution
		{F6D472A3-C145-4E9C-A1B4-614DD6EFECCB}.Debug|Any CPU.ActiveCfg = Debug|Any CPU
		{F6D472A3-C145-4E9C-A1B4-614DD6EFECCB}.Debug|Any CPU.Build.0 = Debug|Any CPU
		{F6D472A3-C145-4E9C-A1B4-614DD6EFECCB}.Release|Any CPU.ActiveCfg = Release|Any CPU
		{F6D472A3-C145-4E9C-A1B4-614DD6EFECCB}.Release|Any CPU.Build.0 = Release|Any CPU
		{77C9DA69-15D8-4EBD-A819-9307C4F706F2}.Debug|Any CPU.ActiveCfg = Debug|Any CPU
		{77C9DA69-15D8-4EBD-A819-9307C4F706F2}.Debug|Any CPU.Build.0 = Debug|Any CPU
		{77C9DA69-15D8-4EBD-A819-9307C4F706F2}.Release|Any CPU.ActiveCfg = Release|Any CPU
		{77C9DA69-15D8-4EBD-A819-9307C4F706F2}.Release|Any CPU.Build.0 = Release|Any CPU
		{4654C295-FAAC-4D97-8C19-19B69C5DA558}.Debug|Any CPU.ActiveCfg = Debug|Any CPU
		{4654C295-FAAC-4D97-8C19-19B69C5DA558}.Debug|Any CPU.Build.0 = Debug|Any CPU
		{4654C295-FAAC-4D97-8C19-19B69C5DA558}.Release|Any CPU.ActiveCfg = Release|Any CPU
		{4654C295-FAAC-4D97-8C19-19B69C5DA558}.Release|Any CPU.Build.0 = Release|Any CPU
		{B4EAF158-6A71-4243-AC0D-D29B1DAEE8C2}.Debug|Any CPU.ActiveCfg = Debug|Any CPU
		{B4EAF158-6A71-4243-AC0D-D29B1DAEE8C2}.Debug|Any CPU.Build.0 = Debug|Any CPU
		{B4EAF158-6A71-4243-AC0D-D29B1DAEE8C2}.Release|Any CPU.ActiveCfg = Release|Any CPU
		{B4EAF158-6A71-4243-AC0D-D29B1DAEE8C2}.Release|Any CPU.Build.0 = Release|Any CPU
		{DED9FB97-6516-4C8A-8D2F-0927C590381A}.Debug|Any CPU.ActiveCfg = Debug|Any CPU
		{DED9FB97-6516-4C8A-8D2F-0927C590381A}.Debug|Any CPU.Build.0 = Debug|Any CPU
		{DED9FB97-6516-4C8A-8D2F-0927C590381A}.Release|Any CPU.ActiveCfg = Release|Any CPU
		{DED9FB97-6516-4C8A-8D2F-0927C590381A}.Release|Any CPU.Build.0 = Release|Any CPU
		{FFB49876-8C9C-4617-AB20-5CCCB2DAE2DE}.Debug|Any CPU.ActiveCfg = Debug|Any CPU
		{FFB49876-8C9C-4617-AB20-5CCCB2DAE2DE}.Debug|Any CPU.Build.0 = Debug|Any CPU
		{FFB49876-8C9C-4617-AB20-5CCCB2DAE2DE}.Release|Any CPU.ActiveCfg = Release|Any CPU
		{FFB49876-8C9C-4617-AB20-5CCCB2DAE2DE}.Release|Any CPU.Build.0 = Release|Any CPU
		{EEE02A51-F916-4FBC-9B38-1BF07F1815F6}.Debug|Any CPU.ActiveCfg = Debug|Any CPU
		{EEE02A51-F916-4FBC-9B38-1BF07F1815F6}.Debug|Any CPU.Build.0 = Debug|Any CPU
		{EEE02A51-F916-4FBC-9B38-1BF07F1815F6}.Release|Any CPU.ActiveCfg = Release|Any CPU
		{EEE02A51-F916-4FBC-9B38-1BF07F1815F6}.Release|Any CPU.Build.0 = Release|Any CPU
		{B1BAED97-3CE5-419C-B4B4-90C6D691A554}.Debug|Any CPU.ActiveCfg = Debug|Any CPU
		{B1BAED97-3CE5-419C-B4B4-90C6D691A554}.Debug|Any CPU.Build.0 = Debug|Any CPU
		{B1BAED97-3CE5-419C-B4B4-90C6D691A554}.Release|Any CPU.ActiveCfg = Release|Any CPU
		{B1BAED97-3CE5-419C-B4B4-90C6D691A554}.Release|Any CPU.Build.0 = Release|Any CPU
		{A16D7976-9260-4814-928B-D755ED8664A2}.Debug|Any CPU.ActiveCfg = Debug|Any CPU
		{A16D7976-9260-4814-928B-D755ED8664A2}.Debug|Any CPU.Build.0 = Debug|Any CPU
		{A16D7976-9260-4814-928B-D755ED8664A2}.Release|Any CPU.ActiveCfg = Release|Any CPU
		{A16D7976-9260-4814-928B-D755ED8664A2}.Release|Any CPU.Build.0 = Release|Any CPU
		{F5043191-C6E2-49AF-B88F-A3434770B036}.Debug|Any CPU.ActiveCfg = Debug|Any CPU
		{F5043191-C6E2-49AF-B88F-A3434770B036}.Debug|Any CPU.Build.0 = Debug|Any CPU
		{F5043191-C6E2-49AF-B88F-A3434770B036}.Release|Any CPU.ActiveCfg = Release|Any CPU
		{F5043191-C6E2-49AF-B88F-A3434770B036}.Release|Any CPU.Build.0 = Release|Any CPU
		{79B55D6F-7157-4C4D-964D-A472009BAE77}.Debug|Any CPU.ActiveCfg = Debug|Any CPU
		{79B55D6F-7157-4C4D-964D-A472009BAE77}.Debug|Any CPU.Build.0 = Debug|Any CPU
		{79B55D6F-7157-4C4D-964D-A472009BAE77}.Release|Any CPU.ActiveCfg = Release|Any CPU
		{79B55D6F-7157-4C4D-964D-A472009BAE77}.Release|Any CPU.Build.0 = Release|Any CPU
		{76FB5E8A-6182-4269-96C7-BEBFB38F2A56}.Debug|Any CPU.ActiveCfg = Debug|Any CPU
		{76FB5E8A-6182-4269-96C7-BEBFB38F2A56}.Debug|Any CPU.Build.0 = Debug|Any CPU
		{76FB5E8A-6182-4269-96C7-BEBFB38F2A56}.Release|Any CPU.ActiveCfg = Release|Any CPU
		{76FB5E8A-6182-4269-96C7-BEBFB38F2A56}.Release|Any CPU.Build.0 = Release|Any CPU
	EndGlobalSection
	GlobalSection(SolutionProperties) = preSolution
		HideSolutionNode = FALSE
	EndGlobalSection
	GlobalSection(NestedProjects) = preSolution
		{9A7BA670-D6C9-4A9D-AE1E-BEE764C41557} = {FC1AE024-8015-4652-BCF7-7EFAD9C7C6FF}
		{F6D472A3-C145-4E9C-A1B4-614DD6EFECCB} = {9A7BA670-D6C9-4A9D-AE1E-BEE764C41557}
		{77C9DA69-15D8-4EBD-A819-9307C4F706F2} = {A3F92313-08D5-4F29-953C-DB4743162809}
		{4654C295-FAAC-4D97-8C19-19B69C5DA558} = {85285388-338A-4B6C-ACD3-98B0780C634D}
		{4C05A94C-886F-4A32-A6BE-006F7D9A4FAB} = {FC1AE024-8015-4652-BCF7-7EFAD9C7C6FF}
		{B4EAF158-6A71-4243-AC0D-D29B1DAEE8C2} = {4C05A94C-886F-4A32-A6BE-006F7D9A4FAB}
		{E1CA4E49-587D-45FC-A9CE-620DC122F416} = {FC1AE024-8015-4652-BCF7-7EFAD9C7C6FF}
		{DED9FB97-6516-4C8A-8D2F-0927C590381A} = {E1CA4E49-587D-45FC-A9CE-620DC122F416}
		{F027BD7F-AA8A-4080-8D1B-1FF64ADB077F} = {FC1AE024-8015-4652-BCF7-7EFAD9C7C6FF}
		{FFB49876-8C9C-4617-AB20-5CCCB2DAE2DE} = {F027BD7F-AA8A-4080-8D1B-1FF64ADB077F}
		{78FD03F7-3176-41C0-B14E-6DB20863BBFA} = {FC1AE024-8015-4652-BCF7-7EFAD9C7C6FF}
		{EEE02A51-F916-4FBC-9B38-1BF07F1815F6} = {78FD03F7-3176-41C0-B14E-6DB20863BBFA}
		{B1BAED97-3CE5-419C-B4B4-90C6D691A554} = {78FD03F7-3176-41C0-B14E-6DB20863BBFA}
		{A16D7976-9260-4814-928B-D755ED8664A2} = {78FD03F7-3176-41C0-B14E-6DB20863BBFA}
		{F5043191-C6E2-49AF-B88F-A3434770B036} = {78FD03F7-3176-41C0-B14E-6DB20863BBFA}
		{79B55D6F-7157-4C4D-964D-A472009BAE77} = {78FD03F7-3176-41C0-B14E-6DB20863BBFA}
		{0B014559-FBC2-4316-80AD-992BE878D276} = {FC1AE024-8015-4652-BCF7-7EFAD9C7C6FF}
		{76FB5E8A-6182-4269-96C7-BEBFB38F2A56} = {0B014559-FBC2-4316-80AD-992BE878D276}
	EndGlobalSection
	GlobalSection(ExtensibilityGlobals) = postSolution
		SolutionGuid = {75689D16-C3CE-4445-925E-009B9E1B5B96}
	EndGlobalSection
EndGlobal
